
Microsoft Visual Studio Solution File, Format Version 12.00
Project("{FAE04EC0-301F-11D3-BF4B-00C04F79EFBC}") = "ObserverPatternClassic", "ObserverPatternClassic\ObserverPatternClassic.csproj", "{10D24CFA-5D7B-48DE-8A82-D90EEC4649CD}"
EndProject
Project("{FAE04EC0-301F-11D3-BF4B-00C04F79EFBC}") = "ObserverPatternEvent", "ObserverPatternEvent\ObserverPatternEvent.csproj", "{7883AE87-1006-410C-BD9C-9C1BC5EA83FB}"
EndProject
Global
	GlobalSection(SolutionConfigurationPlatforms) = preSolution
		Debug|Any CPU = Debug|Any CPU
		Release|Any CPU = Release|Any CPU
	EndGlobalSection
	GlobalSection(ProjectConfigurationPlatforms) = postSolution
		{10D24CFA-5D7B-48DE-8A82-D90EEC4649CD}.Debug|Any CPU.ActiveCfg = Debug|Any CPU
		{10D24CFA-5D7B-48DE-8A82-D90EEC4649CD}.Debug|Any CPU.Build.0 = Debug|Any CPU
		{10D24CFA-5D7B-48DE-8A82-D90EEC4649CD}.Release|Any CPU.ActiveCfg = Release|Any CPU
		{10D24CFA-5D7B-48DE-8A82-D90EEC4649CD}.Release|Any CPU.Build.0 = Release|Any CPU
		{7883AE87-1006-410C-BD9C-9C1BC5EA83FB}.Debug|Any CPU.ActiveCfg = Debug|Any CPU
		{7883AE87-1006-410C-BD9C-9C1BC5EA83FB}.Debug|Any CPU.Build.0 = Debug|Any CPU
		{7883AE87-1006-410C-BD9C-9C1BC5EA83FB}.Release|Any CPU.ActiveCfg = Release|Any CPU
		{7883AE87-1006-410C-BD9C-9C1BC5EA83FB}.Release|Any CPU.Build.0 = Release|Any CPU
	EndGlobalSection
EndGlobal
